
Microsoft Visual Studio Solution File, Format Version 12.00
# Visual Studio 15
VisualStudioVersion = 15.0.28307.1082
MinimumVisualStudioVersion = 10.0.40219.1
Project("{FAE04EC0-301F-11D3-BF4B-00C04F79EFBC}") = "QR_Cod_analysis", "QR_Cod_analysis\QR_Cod_analysis.csproj", "{482DCC46-18DF-46A3-BCF0-352792AC2730}"
EndProject
Global
	GlobalSection(SolutionConfigurationPlatforms) = preSolution
		Debug|Any CPU = Debug|Any CPU
		Release|Any CPU = Release|Any CPU
	EndGlobalSection
	GlobalSection(ProjectConfigurationPlatforms) = postSolution
		{482DCC46-18DF-46A3-BCF0-352792AC2730}.Debug|Any CPU.ActiveCfg = Debug|Any CPU
		{482DCC46-18DF-46A3-BCF0-352792AC2730}.Debug|Any CPU.Build.0 = Debug|Any CPU
		{482DCC46-18DF-46A3-BCF0-352792AC2730}.Release|Any CPU.ActiveCfg = Release|Any CPU
		{482DCC46-18DF-46A3-BCF0-352792AC2730}.Release|Any CPU.Build.0 = Release|Any CPU
	EndGlobalSection
	GlobalSection(SolutionProperties) = preSolution
		HideSolutionNode = FALSE
	EndGlobalSection
	GlobalSection(ExtensibilityGlobals) = postSolution
		SolutionGuid = {B4720C3F-806D-42B6-A258-813E76030360}
	EndGlobalSection
EndGlobal
